
Microsoft Visual Studio Solution File, Format Version 12.00
# Visual Studio Version 16
VisualStudioVersion = 16.0.30804.86
MinimumVisualStudioVersion = 10.0.40219.1
Project("{FAE04EC0-301F-11D3-BF4B-00C04F79EFBC}") = "CGGTTS_ANALYZE", "CGGTTS_ANALYZE.csproj", "{04C7BFED-2D6B-4955-BD05-788051115BBE}"
EndProject
Global
	GlobalSection(SolutionConfigurationPlatforms) = preSolution
		Debug|Any CPU = Debug|Any CPU
		Release|Any CPU = Release|Any CPU
	EndGlobalSection
	GlobalSection(ProjectConfigurationPlatforms) = postSolution
		{04C7BFED-2D6B-4955-BD05-788051115BBE}.Debug|Any CPU.ActiveCfg = Debug|Any CPU
		{04C7BFED-2D6B-4955-BD05-788051115BBE}.Debug|Any CPU.Build.0 = Debug|Any CPU
		{04C7BFED-2D6B-4955-BD05-788051115BBE}.Release|Any CPU.ActiveCfg = Release|Any CPU
		{04C7BFED-2D6B-4955-BD05-788051115BBE}.Release|Any CPU.Build.0 = Release|Any CPU
	EndGlobalSection
	GlobalSection(SolutionProperties) = preSolution
		HideSolutionNode = FALSE
	EndGlobalSection
	GlobalSection(ExtensibilityGlobals) = postSolution
		SolutionGuid = {9E9CF02E-AFB8-4248-9F6E-392CC549F015}
	EndGlobalSection
EndGlobal
